
Microsoft Visual Studio Solution File, Format Version 12.00
# Visual Studio Version 17
VisualStudioVersion = 17.4.33122.133
MinimumVisualStudioVersion = 10.0.40219.1
Project("{8BC9CEB8-8B4A-11D0-8D11-00A0C91BC942}") = "Imaging", "Imaging\Imaging.vcxproj", "{A2A86442-2EE1-4B74-AA5D-88B68ED2FED0}"
EndProject
Global
	GlobalSection(SolutionConfigurationPlatforms) = preSolution
		Debug|x64 = Debug|x64
		Debug|x86 = Debug|x86
		Release|x64 = Release|x64
		Release|x86 = Release|x86
		ReleaseTiff|x64 = ReleaseTiff|x64
		ReleaseTiff|x86 = ReleaseTiff|x86
	EndGlobalSection
	GlobalSection(ProjectConfigurationPlatforms) = postSolution
		{A2A86442-2EE1-4B74-AA5D-88B68ED2FED0}.Debug|x64.ActiveCfg = Debug|x64
		{A2A86442-2EE1-4B74-AA5D-88B68ED2FED0}.Debug|x64.Build.0 = Debug|x64
		{A2A86442-2EE1-4B74-AA5D-88B68ED2FED0}.Debug|x86.ActiveCfg = Debug|Win32
		{A2A86442-2EE1-4B74-AA5D-88B68ED2FED0}.Debug|x86.Build.0 = Debug|Win32
		{A2A86442-2EE1-4B74-AA5D-88B68ED2FED0}.Release|x64.ActiveCfg = Release|x64
		{A2A86442-2EE1-4B74-AA5D-88B68ED2FED0}.Release|x64.Build.0 = Release|x64
		{A2A86442-2EE1-4B74-AA5D-88B68ED2FED0}.Release|x86.ActiveCfg = Release|Win32
		{A2A86442-2EE1-4B74-AA5D-88B68ED2FED0}.Release|x86.Build.0 = Release|Win32
		{A2A86442-2EE1-4B74-AA5D-88B68ED2FED0}.ReleaseTiff|x64.ActiveCfg = ReleaseTiff|x64
		{A2A86442-2EE1-4B74-AA5D-88B68ED2FED0}.ReleaseTiff|x64.Build.0 = ReleaseTiff|x64
		{A2A86442-2EE1-4B74-AA5D-88B68ED2FED0}.ReleaseTiff|x86.ActiveCfg = ReleaseTiff|Win32
		{A2A86442-2EE1-4B74-AA5D-88B68ED2FED0}.ReleaseTiff|x86.Build.0 = ReleaseTiff|Win32
	EndGlobalSection
	GlobalSection(SolutionProperties) = preSolution
		HideSolutionNode = FALSE
	EndGlobalSection
	GlobalSection(ExtensibilityGlobals) = postSolution
		SolutionGuid = {35A5EF9D-2604-4154-9871-85FC26FF2E65}
	EndGlobalSection
EndGlobal
